<Solution>
  <Project Path="MyTurn.Domain/MyTurn.Domain.csproj" />
  <Project Path="MyTurn.Application/MyTurn.Application.csproj" />
  <Project Path="MyTurn.Presentation/MyTurn.Presentation.csproj" />
  <Project Path="MyTurn.Console/MyTurn.Console.csproj" />
  <Project Path="MyTurn.Desktop/MyTurn.Desktop.csproj" />
  <Project Path="MyTurn.Infrastructure/MyTurn.Infrastructure.csproj" />
  <Project Path="MyTurn.Tests/MyTurn.Tests.csproj" />
</Solution>
